PODS:
  - BLUIKit (0.2.0):
    - BLUIKit/TextInput (= 0.2.0)
  - BLUIKit/TextInput (0.2.0):
    - BLUIKit/TextInput/Core (= 0.2.0)
    - BLUIKit/TextInput/SearchBar (= 0.2.0)
    - BLUIKit/TextInput/TextField (= 0.2.0)
    - BLUIKit/TextInput/TextView (= 0.2.0)
  - BLUIKit/TextInput/Core (0.2.0)
  - BLUIKit/TextInput/SearchBar (0.2.0)
  - BLUIKit/TextInput/TextField (0.2.0)
  - BLUIKit/TextInput/TextView (0.2.0)

DEPENDENCIES:
  - BLUIKit (from `../`)

EXTERNAL SOURCES:
  BLUIKit:
    :path: "../"

SPEC CHECKSUMS:
  BLUIKit: ace5adf9abf6bbcbde09a417411dcf31fc8c1e7f

PODFILE CHECKSUM: 29924f185b9d23a6af786d4c78b15c9e97bbe40c

COCOAPODS: 1.5.2
